
Microsoft Visual Studio Solution File, Format Version 12.00
# Visual Studio Version 16
VisualStudioVersion = 16.0.30717.126
MinimumVisualStudioVersion = 10.0.40219.1
Project("{9A19103F-16F7-4668-BE54-9A1E7A4F7556}") = "HamnAdministration", "HamnAdministration\HamnAdministration.csproj", "{354D7B60-FEC5-4820-A374-980811B5A546}"
EndProject
Global
	GlobalSection(SolutionConfigurationPlatforms) = preSolution
		Debug|Any CPU = Debug|Any CPU
		Release|Any CPU = Release|Any CPU
	EndGlobalSection
	GlobalSection(ProjectConfigurationPlatforms) = postSolution
		{354D7B60-FEC5-4820-A374-980811B5A546}.Debug|Any CPU.ActiveCfg = Debug|Any CPU
		{354D7B60-FEC5-4820-A374-980811B5A546}.Debug|Any CPU.Build.0 = Debug|Any CPU
		{354D7B60-FEC5-4820-A374-980811B5A546}.Release|Any CPU.ActiveCfg = Release|Any CPU
		{354D7B60-FEC5-4820-A374-980811B5A546}.Release|Any CPU.Build.0 = Release|Any CPU
	EndGlobalSection
	GlobalSection(SolutionProperties) = preSolution
		HideSolutionNode = FALSE
	EndGlobalSection
	GlobalSection(ExtensibilityGlobals) = postSolution
		SolutionGuid = {7CEE8C5A-57F4-4250-B727-4B8FB18F41B1}
	EndGlobalSection
EndGlobal
